
Microsoft Visual Studio Solution File, Format Version 12.00
# Visual Studio Version 17
VisualStudioVersion = 17.8.34330.188
MinimumVisualStudioVersion = 10.0.40219.1
Project("{FAE04EC0-301F-11D3-BF4B-00C04F79EFBC}") = "ilinasp_var2", "ilinasp_var2.csproj", "{004E0C76-9127-424A-8D24-FDAD54FA3A44}"
EndProject
Project("{FAE04EC0-301F-11D3-BF4B-00C04F79EFBC}") = "UnitTestProject1", "..\UnitTestProject1\UnitTestProject1.csproj", "{2CCCFF39-6F30-4086-BC29-DD65B993FD25}"
EndProject
Global
	GlobalSection(SolutionConfigurationPlatforms) = preSolution
		Debug|Any CPU = Debug|Any CPU
		Release|Any CPU = Release|Any CPU
	EndGlobalSection
	GlobalSection(ProjectConfigurationPlatforms) = postSolution
		{004E0C76-9127-424A-8D24-FDAD54FA3A44}.Debug|Any CPU.ActiveCfg = Debug|Any CPU
		{004E0C76-9127-424A-8D24-FDAD54FA3A44}.Debug|Any CPU.Build.0 = Debug|Any CPU
		{004E0C76-9127-424A-8D24-FDAD54FA3A44}.Release|Any CPU.ActiveCfg = Release|Any CPU
		{004E0C76-9127-424A-8D24-FDAD54FA3A44}.Release|Any CPU.Build.0 = Release|Any CPU
		{2CCCFF39-6F30-4086-BC29-DD65B993FD25}.Debug|Any CPU.ActiveCfg = Debug|Any CPU
		{2CCCFF39-6F30-4086-BC29-DD65B993FD25}.Debug|Any CPU.Build.0 = Debug|Any CPU
		{2CCCFF39-6F30-4086-BC29-DD65B993FD25}.Release|Any CPU.ActiveCfg = Release|Any CPU
		{2CCCFF39-6F30-4086-BC29-DD65B993FD25}.Release|Any CPU.Build.0 = Release|Any CPU
	EndGlobalSection
	GlobalSection(SolutionProperties) = preSolution
		HideSolutionNode = FALSE
	EndGlobalSection
	GlobalSection(ExtensibilityGlobals) = postSolution
		SolutionGuid = {4913C3DD-08B9-4FA7-8C9B-3EFD5A7AB76C}
	EndGlobalSection
EndGlobal
